// !$*UTF8*$!
{
	archiveVersion = 1;
	classes = {
	};
	objectVersion = 55;
	objects = {

/* Begin PBXBuildFile section */
		5997AD4127A3107000D072D3 /* AppDelegate.swift in Sources */ = {isa = PBXBuildFile; fileRef = 5997AD4027A3107000D072D3 /* AppDelegate.swift */; };
		5997AD4327A3107000D072D3 /* SceneDelegate.swift in Sources */ = {isa = PBXBuildFile; fileRef = 5997AD4227A3107000D072D3 /* SceneDelegate.swift */; };
		5997AD4527A3107000D072D3 /* ViewController.swift in Sources */ = {isa = PBXBuildFile; fileRef = 5997AD4427A3107000D072D3 /* ViewController.swift */; };
		5997AD4827A3107000D072D3 /* Main.storyboard in Resources */ = {isa = PBXBuildFile; fileRef = 5997AD4627A3107000D072D3 /* Main.storyboard */; };
		5997AD4A27A3107100D072D3 /* Assets.xcassets in Resources */ = {isa = PBXBuildFile; fileRef = 5997AD4927A3107100D072D3 /* Assets.xcassets */; };
		5997AD4D27A3107100D072D3 /* LaunchScreen.storyboard in Resources */ = {isa = PBXBuildFile; fileRef = 5997AD4B27A3107100D072D3 /* LaunchScreen.storyboard */; };
		5997AD5827A3107200D072D3 /* SimpleClaculatorTests.swift in Sources */ = {isa = PBXBuildFile; fileRef = 5997AD5727A3107200D072D3 /* SimpleClaculatorTests.swift */; };
		5997AD6227A3107200D072D3 /* SimpleClaculatorUITests.swift in Sources */ = {isa = PBXBuildFile; fileRef = 5997AD6127A3107200D072D3 /* SimpleClaculatorUITests.swift */; };
		5997AD6427A3107200D072D3 /* SimpleClaculatorUITestsLaunchTests.swift in Sources */ = {isa = PBXBuildFile; fileRef = 5997AD6327A3107200D072D3 /* SimpleClaculatorUITestsLaunchTests.swift */; };
/* End PBXBuildFile section */

/* Begin PBXContainerItemProxy section */
		5997AD5427A3107200D072D3 /* PBXContainerItemProxy */ = {
			isa = PBXContainerItemProxy;
			containerPortal = 5997AD3527A3107000D072D3 /* Project object */;
			proxyType = 1;
			remoteGlobalIDString = 5997AD3C27A3107000D072D3;
			remoteInfo = SimpleClaculator;
		};
		5997AD5E27A3107200D072D3 /* PBXContainerItemProxy */ = {
			isa = PBXContainerItemProxy;
			containerPortal = 5997AD3527A3107000D072D3 /* Project object */;
			proxyType = 1;
			remoteGlobalIDString = 5997AD3C27A3107000D072D3;
			remoteInfo = SimpleClaculator;
		};
/* End PBXContainerItemProxy section */

/* Begin PBXFileReference section */
		5997AD3D27A3107000D072D3 /* SimpleClaculator.app */ = {isa = PBXFileReference; explicitFileType = wrapper.application; includeInIndex = 0; path = SimpleClaculator.app; sourceTree = BUILT_PRODUCTS_DIR; };
		5997AD4027A3107000D072D3 /* AppDelegate.swift */ = {isa = PBXFileReference; lastKnownFileType = sourcecode.swift; path = AppDelegate.swift; sourceTree = "<group>"; };
		5997AD4227A3107000D072D3 /* SceneDelegate.swift */ = {isa = PBXFileReference; lastKnownFileType = sourcecode.swift; path = SceneDelegate.swift; sourceTree = "<group>"; };
		5997AD4427A3107000D072D3 /* ViewController.swift */ = {isa = PBXFileReference; lastKnownFileType = sourcecode.swift; path = ViewController.swift; sourceTree = "<group>"; };
		5997AD4727A3107000D072D3 /* Base */ = {isa = PBXFileReference; lastKnownFileType = file.storyboard; name = Base; path = Base.lproj/Main.storyboard; sourceTree = "<group>"; };
		5997AD4927A3107100D072D3 /* Assets.xcassets */ = {isa = PBXFileReference; lastKnownFileType = folder.assetcatalog; path = Assets.xcassets; sourceTree = "<group>"; };
		5997AD4C27A3107100D072D3 /* Base */ = {isa = PBXFileReference; lastKnownFileType = file.storyboard; name = Base; path = Base.lproj/LaunchScreen.storyboard; sourceTree = "<group>"; };
		5997AD4E27A3107100D072D3 /* Info.plist */ = {isa = PBXFileReference; lastKnownFileType = text.plist.xml; path = Info.plist; sourceTree = "<group>"; };
		5997AD5327A3107200D072D3 /* SimpleClaculatorTests.xctest */ = {isa = PBXFileReference; explicitFileType = wrapper.cfbundle; includeInIndex = 0; path = SimpleClaculatorTests.xctest; sourceTree = BUILT_PRODUCTS_DIR; };
		5997AD5727A3107200D072D3 /* SimpleClaculatorTests.swift */ = {isa = PBXFileReference; lastKnownFileType = sourcecode.swift; path = SimpleClaculatorTests.swift; sourceTree = "<group>"; };
		5997AD5D27A3107200D072D3 /* SimpleClaculatorUITests.xctest */ = {isa = PBXFileReference; explicitFileType = wrapper.cfbundle; includeInIndex = 0; path = SimpleClaculatorUITests.xctest; sourceTree = BUILT_PRODUCTS_DIR; };
		5997AD6127A3107200D072D3 /* SimpleClaculatorUITests.swift */ = {isa = PBXFileReference; lastKnownFileType = sourcecode.swift; path = SimpleClaculatorUITests.swift; sourceTree = "<group>"; };
		5997AD6327A3107200D072D3 /* SimpleClaculatorUITestsLaunchTests.swift */ = {isa = PBXFileReference; lastKnownFileType = sourcecode.swift; path = SimpleClaculatorUITestsLaunchTests.swift; sourceTree = "<group>"; };
/* End PBXFileReference section */

/* Begin PBXFrameworksBuildPhase section */
		5997AD3A27A3107000D072D3 /* Frameworks */ = {
			isa = PBXFrameworksBuildPhase;
			buildActionMask = 2147483647;
			files = (
			);
			runOnlyForDeploymentPostprocessing = 0;
		};
		5997AD5027A3107200D072D3 /* Frameworks */ = {
			isa = PBXFrameworksBuildPhase;
			buildActionMask = 2147483647;
			files = (
			);
			runOnlyForDeploymentPostprocessing = 0;
		};
		5997AD5A27A3107200D072D3 /* Frameworks */ = {
			isa = PBXFrameworksBuildPhase;
			buildActionMask = 2147483647;
			files = (
			);
			runOnlyForDeploymentPostprocessing = 0;
		};
/* End PBXFrameworksBuildPhase section */

/* Begin PBXGroup section */
		5997AD3427A3107000D072D3 = {
			isa = PBXGroup;
			children = (
				5997AD3F27A3107000D072D3 /* SimpleClaculator */,
				5997AD5627A3107200D072D3 /* SimpleClaculatorTests */,
				5997AD6027A3107200D072D3 /* SimpleClaculatorUITests */,
				5997AD3E27A3107000D072D3 /* Products */,
			);
			sourceTree = "<group>";
		};
		5997AD3E27A3107000D072D3 /* Products */ = {
			isa = PBXGroup;
			children = (
				5997AD3D27A3107000D072D3 /* SimpleClaculator.app */,
				5997AD5327A3107200D072D3 /* SimpleClaculatorTests.xctest */,
				5997AD5D27A3107200D072D3 /* SimpleClaculatorUITests.xctest */,
			);
			name = Products;
			sourceTree = "<group>";
		};
		5997AD3F27A3107000D072D3 /* SimpleClaculator */ = {
			isa = PBXGroup;
			children = (
				5997AD4027A3107000D072D3 /* AppDelegate.swift */,
				5997AD4227A3107000D072D3 /* SceneDelegate.swift */,
				5997AD4427A3107000D072D3 /* ViewController.swift */,
				5997AD4627A3107000D072D3 /* Main.storyboard */,
				5997AD4927A3107100D072D3 /* Assets.xcassets */,
				5997AD4B27A3107100D072D3 /* LaunchScreen.storyboard */,
				5997AD4E27A3107100D072D3 /* Info.plist */,
			);
			path = SimpleClaculator;
			sourceTree = "<group>";
		};
		5997AD5627A3107200D072D3 /* SimpleClaculatorTests */ = {
			isa = PBXGroup;
			children = (
				5997AD5727A3107200D072D3 /* SimpleClaculatorTests.swift */,
			);
			path = SimpleClaculatorTests;
			sourceTree = "<group>";
		};
		5997AD6027A3107200D072D3 /* SimpleClaculatorUITests */ = {
			isa = PBXGroup;
			children = (
				5997AD6127A3107200D072D3 /* SimpleClaculatorUITests.swift */,
				5997AD6327A3107200D072D3 /* SimpleClaculatorUITestsLaunchTests.swift */,
			);
			path = SimpleClaculatorUITests;
			sourceTree = "<group>";
		};
/* End PBXGroup section */

/* Begin PBXNativeTarget section */
		5997AD3C27A3107000D072D3 /* SimpleClaculator */ = {
			isa = PBXNativeTarget;
			buildConfigurationList = 5997AD6727A3107200D072D3 /* Build configuration list for PBXNativeTarget "SimpleClaculator" */;
			buildPhases = (
				5997AD3927A3107000D072D3 /* Sources */,
				5997AD3A27A3107000D072D3 /* Frameworks */,
				5997AD3B27A3107000D072D3 /* Resources */,
			);
			buildRules = (
			);
			dependencies = (
			);
			name = SimpleClaculator;
			productName = SimpleClaculator;
			productReference = 5997AD3D27A3107000D072D3 /* SimpleClaculator.app */;
			productType = "com.apple.product-type.application";
		};
		5997AD5227A3107200D072D3 /* SimpleClaculatorTests */ = {
			isa = PBXNativeTarget;
			buildConfigurationList = 5997AD6A27A3107200D072D3 /* Build configuration list for PBXNativeTarget "SimpleClaculatorTests" */;
			buildPhases = (
				5997AD4F27A3107200D072D3 /* Sources */,
				5997AD5027A3107200D072D3 /* Frameworks */,
				5997AD5127A3107200D072D3 /* Resources */,
			);
			buildRules = (
			);
			dependencies = (
				5997AD5527A3107200D072D3 /* PBXTargetDependency */,
			);
			name = SimpleClaculatorTests;
			productName = SimpleClaculatorTests;
			productReference = 5997AD5327A3107200D072D3 /* SimpleClaculatorTests.xctest */;
			productType = "com.apple.product-type.bundle.unit-test";
		};
		5997AD5C27A3107200D072D3 /* SimpleClaculatorUITests */ = {
			isa = PBXNativeTarget;
			buildConfigurationList = 5997AD6D27A3107200D072D3 /* Build configuration list for PBXNativeTarget "SimpleClaculatorUITests" */;
			buildPhases = (
				5997AD5927A3107200D072D3 /* Sources */,
				5997AD5A27A3107200D072D3 /* Frameworks */,
				5997AD5B27A3107200D072D3 /* Resources */,
			);
			buildRules = (
			);
			dependencies = (
				5997AD5F27A3107200D072D3 /* PBXTargetDependency */,
			);
			name = SimpleClaculatorUITests;
			productName = SimpleClaculatorUITests;
			productReference = 5997AD5D27A3107200D072D3 /* SimpleClaculatorUITests.xctest */;
			productType = "com.apple.product-type.bundle.ui-testing";
		};
/* End PBXNativeTarget section */

/* Begin PBXProject section */
		5997AD3527A3107000D072D3 /* Project object */ = {
			isa = PBXProject;
			attributes = {
				BuildIndependentTargetsInParallel = 1;
				LastSwiftUpdateCheck = 1320;
				LastUpgradeCheck = 1320;
				TargetAttributes = {
					5997AD3C27A3107000D072D3 = {
						CreatedOnToolsVersion = 13.2.1;
					};
					5997AD5227A3107200D072D3 = {
						CreatedOnToolsVersion = 13.2.1;
						TestTargetID = 5997AD3C27A3107000D072D3;
					};
					5997AD5C27A3107200D072D3 = {
						CreatedOnToolsVersion = 13.2.1;
						TestTargetID = 5997AD3C27A3107000D072D3;
					};
				};
			};
			buildConfigurationList = 5997AD3827A3107000D072D3 /* Build configuration list for PBXProject "SimpleClaculator" */;
			compatibilityVersion = "Xcode 13.0";
			developmentRegion = en;
			hasScannedForEncodings = 0;
			knownRegions = (
				en,
				Base,
			);
			mainGroup = 5997AD3427A3107000D072D3;
			productRefGroup = 5997AD3E27A3107000D072D3 /* Products */;
			projectDirPath = "";
			projectRoot = "";
			targets = (
				5997AD3C27A3107000D072D3 /* SimpleClaculator */,
				5997AD5227A3107200D072D3 /* SimpleClaculatorTests */,
				5997AD5C27A3107200D072D3 /* SimpleClaculatorUITests */,
			);
		};
/* End PBXProject section */

/* Begin PBXResourcesBuildPhase section */
		5997AD3B27A3107000D072D3 /* Resources */ = {
			isa = PBXResourcesBuildPhase;
			buildActionMask = 2147483647;
			files = (
				5997AD4D27A3107100D072D3 /* LaunchScreen.storyboard in Resources */,
				5997AD4A27A3107100D072D3 /* Assets.xcassets in Resources */,
				5997AD4827A3107000D072D3 /* Main.storyboard in Resources */,
			);
			runOnlyForDeploymentPostprocessing = 0;
		};
		5997AD5127A3107200D072D3 /* Resources */ = {
			isa = PBXResourcesBuildPhase;
			buildActionMask = 2147483647;
			files = (
			);
			runOnlyForDeploymentPostprocessing = 0;
		};
		5997AD5B27A3107200D072D3 /* Resources */ = {
			isa = PBXResourcesBuildPhase;
			buildActionMask = 2147483647;
			files = (
			);
			runOnlyForDeploymentPostprocessing = 0;
		};
/* End PBXResourcesBuildPhase section */

/* Begin PBXSourcesBuildPhase section */
		5997AD3927A3107000D072D3 /* Sources */ = {
			isa = PBXSourcesBuildPhase;
			buildActionMask = 2147483647;
			files = (
				5997AD4527A3107000D072D3 /* ViewController.swift in Sources */,
				5997AD4127A3107000D072D3 /* AppDelegate.swift in Sources */,
				5997AD4327A3107000D072D3 /* SceneDelegate.swift in Sources */,
			);
			runOnlyForDeploymentPostprocessing = 0;
		};
		5997AD4F27A3107200D072D3 /* Sources */ = {
			isa = PBXSourcesBuildPhase;
			buildActionMask = 2147483647;
			files = (
				5997AD5827A3107200D072D3 /* SimpleClaculatorTests.swift in Sources */,
			);
			runOnlyForDeploymentPostprocessing = 0;
		};
		5997AD5927A3107200D072D3 /* Sources */ = {
			isa = PBXSourcesBuildPhase;
			buildActionMask = 2147483647;
			files = (
				5997AD6427A3107200D072D3 /* SimpleClaculatorUITestsLaunchTests.swift in Sources */,
				5997AD6227A3107200D072D3 /* SimpleClaculatorUITests.swift in Sources */,
			);
			runOnlyForDeploymentPostprocessing = 0;
		};
/* End PBXSourcesBuildPhase section */

/* Begin PBXTargetDependency section */
		5997AD5527A3107200D072D3 /* PBXTargetDependency */ = {
			isa = PBXTargetDependency;
			target = 5997AD3C27A3107000D072D3 /* SimpleClaculator */;
			targetProxy = 5997AD5427A3107200D072D3 /* PBXContainerItemProxy */;
		};
		5997AD5F27A3107200D072D3 /* PBXTargetDependency */ = {
			isa = PBXTargetDependency;
			target = 5997AD3C27A3107000D072D3 /* SimpleClaculator */;
			targetProxy = 5997AD5E27A3107200D072D3 /* PBXContainerItemProxy */;
		};
/* End PBXTargetDependency section */

/* Begin PBXVariantGroup section */
		5997AD4627A3107000D072D3 /* Main.storyboard */ = {
			isa = PBXVariantGroup;
			children = (
				5997AD4727A3107000D072D3 /* Base */,
			);
			name = Main.storyboard;
			sourceTree = "<group>";
		};
		5997AD4B27A3107100D072D3 /* LaunchScreen.storyboard */ = {
			isa = PBXVariantGroup;
			children = (
				5997AD4C27A3107100D072D3 /* Base */,
			);
			name = LaunchScreen.storyboard;
			sourceTree = "<group>";
		};
/* End PBXVariantGroup section */

/* Begin XCBuildConfiguration section */
		5997AD6527A3107200D072D3 /* Debug */ = {
			isa = XCBuildConfiguration;
			buildSettings = {
				ALWAYS_SEARCH_USER_PATHS = NO;
				CLANG_ANALYZER_NONNULL = YES;
				CLANG_ANALYZER_NUMBER_OBJECT_CONVERSION = YES_AGGRESSIVE;
				CLANG_CXX_LANGUAGE_STANDARD = "gnu++17";
				CLANG_CXX_LIBRARY = "libc++";
				CLANG_ENABLE_MODULES = YES;
				CLANG_ENABLE_OBJC_ARC = YES;
				CLANG_ENABLE_OBJC_WEAK = YES;
				CLANG_WARN_BLOCK_CAPTURE_AUTORELEASING = YES;
				CLANG_WARN_BOOL_CONVERSION = YES;
				CLANG_WARN_COMMA = YES;
				CLANG_WARN_CONSTANT_CONVERSION = YES;
				CLANG_WARN_DEPRECATED_OBJC_IMPLEMENTATIONS = YES;
				CLANG_WARN_DIRECT_OBJC_ISA_USAGE = YES_ERROR;
				CLANG_WARN_DOCUMENTATION_COMMENTS = YES;
				CLANG_WARN_EMPTY_BODY = YES;
				CLANG_WARN_ENUM_CONVERSION = YES;
				CLANG_WARN_INFINITE_RECURSION = YES;
				CLANG_WARN_INT_CONVERSION = YES;
				CLANG_WARN_NON_LITERAL_NULL_CONVERSION = YES;
				CLANG_WARN_OBJC_IMPLICIT_RETAIN_SELF = YES;
				CLANG_WARN_OBJC_LITERAL_CONVERSION = YES;
				CLANG_WARN_OBJC_ROOT_CLASS = YES_ERROR;
				CLANG_WARN_QUOTED_INCLUDE_IN_FRAMEWORK_HEADER = YES;
				CLANG_WARN_RANGE_LOOP_ANALYSIS = YES;
				CLANG_WARN_STRICT_PROTOTYPES = YES;
				CLANG_WARN_SUSPICIOUS_MOVE = YES;
				CLANG_WARN_UNGUARDED_AVAILABILITY = YES_AGGRESSIVE;
				CLANG_WARN_UNREACHABLE_CODE = YES;
				CLANG_WARN__DUPLICATE_METHOD_MATCH = YES;
				COPY_PHASE_STRIP = NO;
				DEBUG_INFORMATION_FORMAT = dwarf;
				ENABLE_STRICT_OBJC_MSGSEND = YES;
				ENABLE_TESTABILITY = YES;
				GCC_C_LANGUAGE_STANDARD = gnu11;
				GCC_DYNAMIC_NO_PIC = NO;
				GCC_NO_COMMON_BLOCKS = YES;
				GCC_OPTIMIZATION_LEVEL = 0;
				GCC_PREPROCESSOR_DEFINITIONS = (
					"DEBUG=1",
					"$(inherited)",
				);
				GCC_WARN_64_TO_32_BIT_CONVERSION = YES;
				GCC_WARN_ABOUT_RETURN_TYPE = YES_ERROR;
				GCC_WARN_UNDECLARED_SELECTOR = YES;
				GCC_WARN_UNINITIALIZED_AUTOS = YES_AGGRESSIVE;
				GCC_WARN_UNUSED_FUNCTION = YES;
				GCC_WARN_UNUSED_VARIABLE = YES;
				IPHONEOS_DEPLOYMENT_TARGET = 15.2;
				MTL_ENABLE_DEBUG_INFO = INCLUDE_SOURCE;
				MTL_FAST_MATH = YES;
				ONLY_ACTIVE_ARCH = YES;
				SDKROOT = iphoneos;
				SWIFT_ACTIVE_COMPILATION_CONDITIONS = DEBUG;
				SWIFT_OPTIMIZATION_LEVEL = "-Onone";
			};
			name = Debug;
		};
		5997AD6627A3107200D072D3 /* Release */ = {
			isa = XCBuildConfiguration;
			buildSettings = {
				ALWAYS_SEARCH_USER_PATHS = NO;
				CLANG_ANALYZER_NONNULL = YES;
				CLANG_ANALYZER_NUMBER_OBJECT_CONVERSION = YES_AGGRESSIVE;
				CLANG_CXX_LANGUAGE_STANDARD = "gnu++17";
				CLANG_CXX_LIBRARY = "libc++";
				CLANG_ENABLE_MODULES = YES;
				CLANG_ENABLE_OBJC_ARC = YES;
				CLANG_ENABLE_OBJC_WEAK = YES;
				CLANG_WARN_BLOCK_CAPTURE_AUTORELEASING = YES;
				CLANG_WARN_BOOL_CONVERSION = YES;
				CLANG_WARN_COMMA = YES;
				CLANG_WARN_CONSTANT_CONVERSION = YES;
				CLANG_WARN_DEPRECATED_OBJC_IMPLEMENTATIONS = YES;
				CLANG_WARN_DIRECT_OBJC_ISA_USAGE = YES_ERROR;
				CLANG_WARN_DOCUMENTATION_COMMENTS = YES;
				CLANG_WARN_EMPTY_BODY = YES;
				CLANG_WARN_ENUM_CONVERSION = YES;
				CLANG_WARN_INFINITE_RECURSION = YES;
				CLANG_WARN_INT_CONVERSION = YES;
				CLANG_WARN_NON_LITERAL_NULL_CONVERSION = YES;
				CLANG_WARN_OBJC_IMPLICIT_RETAIN_SELF = YES;
				CLANG_WARN_OBJC_LITERAL_CONVERSION = YES;
				CLANG_WARN_OBJC_ROOT_CLASS = YES_ERROR;
				CLANG_WARN_QUOTED_INCLUDE_IN_FRAMEWORK_HEADER = YES;
				CLANG_WARN_RANGE_LOOP_ANALYSIS = YES;
				CLANG_WARN_STRICT_PROTOTYPES = YES;
				CLANG_WARN_SUSPICIOUS_MOVE = YES;
				CLANG_WARN_UNGUARDED_AVAILABILITY = YES_AGGRESSIVE;
				CLANG_WARN_UNREACHABLE_CODE = YES;
				CLANG_WARN__DUPLICATE_METHOD_MATCH = YES;
				COPY_PHASE_STRIP = NO;
				DEBUG_INFORMATION_FORMAT = "dwarf-with-dsym";
				ENABLE_NS_ASSERTIONS = NO;
				ENABLE_STRICT_OBJC_MSGSEND = YES;
				GCC_C_LANGUAGE_STANDARD = gnu11;
				GCC_NO_COMMON_BLOCKS = YES;
				GCC_WARN_64_TO_32_BIT_CONVERSION = YES;
				GCC_WARN_ABOUT_RETURN_TYPE = YES_ERROR;
				GCC_WARN_UNDECLARED_SELECTOR = YES;
				GCC_WARN_UNINITIALIZED_AUTOS = YES_AGGRESSIVE;
				GCC_WARN_UNUSED_FUNCTION = YES;
				GCC_WARN_UNUSED_VARIABLE = YES;
				IPHONEOS_DEPLOYMENT_TARGET = 15.2;
				MTL_ENABLE_DEBUG_INFO = NO;
				MTL_FAST_MATH = YES;
				SDKROOT = iphoneos;
				SWIFT_COMPILATION_MODE = wholemodule;
				SWIFT_OPTIMIZATION_LEVEL = "-O";
				VALIDATE_PRODUCT = YES;
			};
			name = Release;
		};
		5997AD6827A3107200D072D3 /* Debug */ = {
			isa = XCBuildConfiguration;
			buildSettings = {
				ASSETCATALOG_COMPILER_APPICON_NAME = AppIcon;
				ASSETCATALOG_COMPILER_GLOBAL_ACCENT_COLOR_NAME = AccentColor;
				CODE_SIGN_STYLE = Automatic;
				CURRENT_PROJECT_VERSION = 1;
				GENERATE_INFOPLIST_FILE = YES;
				INFOPLIST_FILE = SimpleClaculator/Info.plist;
				INFOPLIST_KEY_CFBundleDisplayName = SimpleCalculator;
				INFOPLIST_KEY_UIApplicationSupportsIndirectInputEvents = YES;
				INFOPLIST_KEY_UILaunchStoryboardName = LaunchScreen;
				INFOPLIST_KEY_UIMainStoryboardFile = Main;
				INFOPLIST_KEY_UISupportedInterfaceOrientations_iPad = "UIInterfaceOrientationPortrait UIInterfaceOrientationPortraitUpsideDown UIInterfaceOrientationLandscapeLeft UIInterfaceOrientationLandscapeRight";
				INFOPLIST_KEY_UISupportedInterfaceOrientations_iPhone = "UIInterfaceOrientationPortrait UIInterfaceOrientationLandscapeLeft UIInterfaceOrientationLandscapeRight";
				LD_RUNPATH_SEARCH_PATHS = (
					"$(inherited)",
					"@executable_path/Frameworks",
				);
				MARKETING_VERSION = 1.0;
				PRODUCT_BUNDLE_IDENTIFIER = nwmsu.SimpleClaculator;
				PRODUCT_NAME = "$(TARGET_NAME)";
				SWIFT_EMIT_LOC_STRINGS = YES;
				SWIFT_VERSION = 5.0;
				TARGETED_DEVICE_FAMILY = "1,2";
			};
			name = Debug;
		};
		5997AD6927A3107200D072D3 /* Release */ = {
			isa = XCBuildConfiguration;
			buildSettings = {
				ASSETCATALOG_COMPILER_APPICON_NAME = AppIcon;
				ASSETCATALOG_COMPILER_GLOBAL_ACCENT_COLOR_NAME = AccentColor;
				CODE_SIGN_STYLE = Automatic;
				CURRENT_PROJECT_VERSION = 1;
				GENERATE_INFOPLIST_FILE = YES;
				INFOPLIST_FILE = SimpleClaculator/Info.plist;
				INFOPLIST_KEY_CFBundleDisplayName = SimpleCalculator;
				INFOPLIST_KEY_UIApplicationSupportsIndirectInputEvents = YES;
				INFOPLIST_KEY_UILaunchStoryboardName = LaunchScreen;
				INFOPLIST_KEY_UIMainStoryboardFile = Main;
				INFOPLIST_KEY_UISupportedInterfaceOrientations_iPad = "UIInterfaceOrientationPortrait UIInterfaceOrientationPortraitUpsideDown UIInterfaceOrientationLandscapeLeft UIInterfaceOrientationLandscapeRight";
				INFOPLIST_KEY_UISupportedInterfaceOrientations_iPhone = "UIInterfaceOrientationPortrait UIInterfaceOrientationLandscapeLeft UIInterfaceOrientationLandscapeRight";
				LD_RUNPATH_SEARCH_PATHS = (
					"$(inherited)",
					"@executable_path/Frameworks",
				);
				MARKETING_VERSION = 1.0;
				PRODUCT_BUNDLE_IDENTIFIER = nwmsu.SimpleClaculator;
				PRODUCT_NAME = "$(TARGET_NAME)";
				SWIFT_EMIT_LOC_STRINGS = YES;
				SWIFT_VERSION = 5.0;
				TARGETED_DEVICE_FAMILY = "1,2";
			};
			name = Release;
		};
		5997AD6B27A3107200D072D3 /* Debug */ = {
			isa = XCBuildConfiguration;
			buildSettings = {
				ALWAYS_EMBED_SWIFT_STANDARD_LIBRARIES = YES;
				BUNDLE_LOADER = "$(TEST_HOST)";
				CODE_SIGN_STYLE = Automatic;
				CURRENT_PROJECT_VERSION = 1;
				GENERATE_INFOPLIST_FILE = YES;
				IPHONEOS_DEPLOYMENT_TARGET = 15.2;
				MARKETING_VERSION = 1.0;
				PRODUCT_BUNDLE_IDENTIFIER = nwmsu.SimpleClaculatorTests;
				PRODUCT_NAME = "$(TARGET_NAME)";
				SWIFT_EMIT_LOC_STRINGS = NO;
				SWIFT_VERSION = 5.0;
				TARGETED_DEVICE_FAMILY = "1,2";
				TEST_HOST = "$(BUILT_PRODUCTS_DIR)/SimpleClaculator.app/SimpleClaculator";
			};
			name = Debug;
		};
		5997AD6C27A3107200D072D3 /* Release */ = {
			isa = XCBuildConfiguration;
			buildSettings = {
				ALWAYS_EMBED_SWIFT_STANDARD_LIBRARIES = YES;
				BUNDLE_LOADER = "$(TEST_HOST)";
				CODE_SIGN_STYLE = Automatic;
				CURRENT_PROJECT_VERSION = 1;
				GENERATE_INFOPLIST_FILE = YES;
				IPHONEOS_DEPLOYMENT_TARGET = 15.2;
				MARKETING_VERSION = 1.0;
				PRODUCT_BUNDLE_IDENTIFIER = nwmsu.SimpleClaculatorTests;
				PRODUCT_NAME = "$(TARGET_NAME)";
				SWIFT_EMIT_LOC_STRINGS = NO;
				SWIFT_VERSION = 5.0;
				TARGETED_DEVICE_FAMILY = "1,2";
				TEST_HOST = "$(BUILT_PRODUCTS_DIR)/SimpleClaculator.app/SimpleClaculator";
			};
			name = Release;
		};
		5997AD6E27A3107200D072D3 /* Debug */ = {
			isa = XCBuildConfiguration;
			buildSettings = {
				ALWAYS_EMBED_SWIFT_STANDARD_LIBRARIES = YES;
				CODE_SIGN_STYLE = Automatic;
				CURRENT_PROJECT_VERSION = 1;
				GENERATE_INFOPLIST_FILE = YES;
				MARKETING_VERSION = 1.0;
				PRODUCT_BUNDLE_IDENTIFIER = nwmsu.SimpleClaculatorUITests;
				PRODUCT_NAME = "$(TARGET_NAME)";
				SWIFT_EMIT_LOC_STRINGS = NO;
				SWIFT_VERSION = 5.0;
				TARGETED_DEVICE_FAMILY = "1,2";
				TEST_TARGET_NAME = SimpleClaculator;
			};
			name = Debug;
		};
		5997AD6F27A3107200D072D3 /* Release */ = {
			isa = XCBuildConfiguration;
			buildSettings = {
				ALWAYS_EMBED_SWIFT_STANDARD_LIBRARIES = YES;
				CODE_SIGN_STYLE = Automatic;
				CURRENT_PROJECT_VERSION = 1;
				GENERATE_INFOPLIST_FILE = YES;
				MARKETING_VERSION = 1.0;
				PRODUCT_BUNDLE_IDENTIFIER = nwmsu.SimpleClaculatorUITests;
				PRODUCT_NAME = "$(TARGET_NAME)";
				SWIFT_EMIT_LOC_STRINGS = NO;
				SWIFT_VERSION = 5.0;
				TARGETED_DEVICE_FAMILY = "1,2";
				TEST_TARGET_NAME = SimpleClaculator;
			};
			name = Release;
		};
/* End XCBuildConfiguration section */

/* Begin XCConfigurationList section */
		5997AD3827A3107000D072D3 /* Build configuration list for PBXProject "SimpleClaculator" */ = {
			isa = XCConfigurationList;
			buildConfigurations = (
				5997AD6527A3107200D072D3 /* Debug */,
				5997AD6627A3107200D072D3 /* Release */,
			);
			defaultConfigurationIsVisible = 0;
			defaultConfigurationName = Release;
		};
		5997AD6727A3107200D072D3 /* Build configuration list for PBXNativeTarget "SimpleClaculator" */ = {
			isa = XCConfigurationList;
			buildConfigurations = (
				5997AD6827A3107200D072D3 /* Debug */,
				5997AD6927A3107200D072D3 /* Release */,
			);
			defaultConfigurationIsVisible = 0;
			defaultConfigurationName = Release;
		};
		5997AD6A27A3107200D072D3 /* Build configuration list for PBXNativeTarget "SimpleClaculatorTests" */ = {
			isa = XCConfigurationList;
			buildConfigurations = (
				5997AD6B27A3107200D072D3 /* Debug */,
				5997AD6C27A3107200D072D3 /* Release */,
			);
			defaultConfigurationIsVisible = 0;
			defaultConfigurationName = Release;
		};
		5997AD6D27A3107200D072D3 /* Build configuration list for PBXNativeTarget "SimpleClaculatorUITests" */ = {
			isa = XCConfigurationList;
			buildConfigurations = (
				5997AD6E27A3107200D072D3 /* Debug */,
				5997AD6F27A3107200D072D3 /* Release */,
			);
			defaultConfigurationIsVisible = 0;
			defaultConfigurationName = Release;
		};
/* End XCConfigurationList section */
	};
	rootObject = 5997AD3527A3107000D072D3 /* Project object */;
}
